# This file is automatically @generated by Cargo.
# It is not intended for manual editing.
[[package]]
name = "bytes"
version = "1.0.1"
source = "registry+https://github.com/rust-lang/crates.io-index"
checksum = "b700ce4376041dcd0a327fd0097c41095743c4c8af8887265942faf1100bd040"

[[package]]
name = "probe"
version = "0.0.1"
dependencies = [
 "probe-sys",
 "protobuf 3.0.0-pre",
 "seahorse",
]

[[package]]
name = "probe-sys"
version = "0.0.1"
dependencies = [
 "protobuf-codegen-pure",
]

[[package]]
name = "protobuf"
version = "2.20.0"
source = "registry+https://github.com/rust-lang/crates.io-index"
checksum = "86473d5f16580f10b131a0bf0afb68f8e029d1835d33a00f37281b05694e5312"

[[package]]
name = "protobuf"
version = "3.0.0-pre"
source = "git+https://github.com/stepancheg/rust-protobuf#5f3ed259acf9ae42014e4e49f7c4d62917685584"
dependencies = [
 "bytes",
]

[[package]]
name = "protobuf-codegen"
version = "2.20.0"
source = "registry+https://github.com/rust-lang/crates.io-index"
checksum = "c8b6ba4581fcd9c3ce3576f25e528467b0d3516e332884c0da6f2084fe59045f"
dependencies = [
 "protobuf 2.20.0",
]

[[package]]
name = "protobuf-codegen-pure"
version = "2.20.0"
source = "registry+https://github.com/rust-lang/crates.io-index"
checksum = "e0cc5a64733bf127b466ca734a39ad1b123ac37bfe96c5a340fa6f5393dfd964"
dependencies = [
 "protobuf 2.20.0",
 "protobuf-codegen",
]

[[package]]
name = "seahorse"
version = "1.1.1"
source = "registry+https://github.com/rust-lang/crates.io-index"
checksum = "ce7d9440e2865cce0db733bdc530591b37d37a2d32badace34a1fc9ba5686d58"
